
Microsoft Visual Studio Solution File, Format Version 12.00
# Visual Studio Version 16
VisualStudioVersion = 16.0.35731.53
MinimumVisualStudioVersion = 10.0.40219.1
Project("{FAE04EC0-301F-11D3-BF4B-00C04F79EFBC}") = "Collections_CSharp_1", "Collections_CSharp_1\Collections_CSharp_1.csproj", "{135F9AA9-83F1-4162-8992-BE9D95E98932}"
EndProject
Global
	GlobalSection(SolutionConfigurationPlatforms) = preSolution
		Debug|Any CPU = Debug|Any CPU
		Release|Any CPU = Release|Any CPU
	EndGlobalSection
	GlobalSection(ProjectConfigurationPlatforms) = postSolution
		{135F9AA9-83F1-4162-8992-BE9D95E98932}.Debug|Any CPU.ActiveCfg = Debug|Any CPU
		{135F9AA9-83F1-4162-8992-BE9D95E98932}.Debug|Any CPU.Build.0 = Debug|Any CPU
		{135F9AA9-83F1-4162-8992-BE9D95E98932}.Release|Any CPU.ActiveCfg = Release|Any CPU
		{135F9AA9-83F1-4162-8992-BE9D95E98932}.Release|Any CPU.Build.0 = Release|Any CPU
	EndGlobalSection
	GlobalSection(SolutionProperties) = preSolution
		HideSolutionNode = FALSE
	EndGlobalSection
	GlobalSection(ExtensibilityGlobals) = postSolution
		SolutionGuid = {C896290F-D692-4E2A-9E54-1A1999826870}
	EndGlobalSection
EndGlobal
